
Microsoft Visual Studio Solution File, Format Version 12.00
# Visual Studio Version 16
VisualStudioVersion = 16.0.33529.622
MinimumVisualStudioVersion = 10.0.40219.1
Project("{FAE04EC0-301F-11D3-BF4B-00C04F79EFBC}") = "StudentDailyReport", "StudentDailyReport\StudentDailyReport.csproj", "{56962D29-E04D-40AC-9D8B-1ADDCD5EE22C}"
EndProject
Global
	GlobalSection(SolutionConfigurationPlatforms) = preSolution
		Debug|Any CPU = Debug|Any CPU
		Release|Any CPU = Release|Any CPU
	EndGlobalSection
	GlobalSection(ProjectConfigurationPlatforms) = postSolution
		{56962D29-E04D-40AC-9D8B-1ADDCD5EE22C}.Debug|Any CPU.ActiveCfg = Debug|Any CPU
		{56962D29-E04D-40AC-9D8B-1ADDCD5EE22C}.Debug|Any CPU.Build.0 = Debug|Any CPU
		{56962D29-E04D-40AC-9D8B-1ADDCD5EE22C}.Release|Any CPU.ActiveCfg = Release|Any CPU
		{56962D29-E04D-40AC-9D8B-1ADDCD5EE22C}.Release|Any CPU.Build.0 = Release|Any CPU
	EndGlobalSection
	GlobalSection(SolutionProperties) = preSolution
		HideSolutionNode = FALSE
	EndGlobalSection
	GlobalSection(ExtensibilityGlobals) = postSolution
		SolutionGuid = {E23191F8-2F33-4D29-84ED-5C2FDACCFD8A}
	EndGlobalSection
EndGlobal
