
Microsoft Visual Studio Solution File, Format Version 12.00
# Visual Studio Version 16
VisualStudioVersion = 16.0.33529.622
MinimumVisualStudioVersion = 10.0.40219.1
Project("{FAE04EC0-301F-11D3-BF4B-00C04F79EFBC}") = "DateTimeDemo", "DateTimeDemo\DateTimeDemo.csproj", "{8AABB9A8-D315-452F-B54D-A2A294AFF391}"
EndProject
Global
	GlobalSection(SolutionConfigurationPlatforms) = preSolution
		Debug|Any CPU = Debug|Any CPU
		Release|Any CPU = Release|Any CPU
	EndGlobalSection
	GlobalSection(ProjectConfigurationPlatforms) = postSolution
		{8AABB9A8-D315-452F-B54D-A2A294AFF391}.Debug|Any CPU.ActiveCfg = Debug|Any CPU
		{8AABB9A8-D315-452F-B54D-A2A294AFF391}.Debug|Any CPU.Build.0 = Debug|Any CPU
		{8AABB9A8-D315-452F-B54D-A2A294AFF391}.Release|Any CPU.ActiveCfg = Release|Any CPU
		{8AABB9A8-D315-452F-B54D-A2A294AFF391}.Release|Any CPU.Build.0 = Release|Any CPU
	EndGlobalSection
	GlobalSection(SolutionProperties) = preSolution
		HideSolutionNode = FALSE
	EndGlobalSection
	GlobalSection(ExtensibilityGlobals) = postSolution
		SolutionGuid = {08B5A841-E603-4FC0-B9B7-231FF367EACA}
	EndGlobalSection
EndGlobal
