
Microsoft Visual Studio Solution File, Format Version 12.00
# Visual Studio Version 16
VisualStudioVersion = 16.0.33529.622
MinimumVisualStudioVersion = 10.0.40219.1
Project("{FAE04EC0-301F-11D3-BF4B-00C04F79EFBC}") = "AcmeAcctApp", "AcmeAcctApp\AcmeAcctApp.csproj", "{F7AEEC27-5E1F-4E7A-B320-66B48E4500D6}"
EndProject
Global
	GlobalSection(SolutionConfigurationPlatforms) = preSolution
		Debug|Any CPU = Debug|Any CPU
		Release|Any CPU = Release|Any CPU
	EndGlobalSection
	GlobalSection(ProjectConfigurationPlatforms) = postSolution
		{F7AEEC27-5E1F-4E7A-B320-66B48E4500D6}.Debug|Any CPU.ActiveCfg = Debug|Any CPU
		{F7AEEC27-5E1F-4E7A-B320-66B48E4500D6}.Debug|Any CPU.Build.0 = Debug|Any CPU
		{F7AEEC27-5E1F-4E7A-B320-66B48E4500D6}.Release|Any CPU.ActiveCfg = Release|Any CPU
		{F7AEEC27-5E1F-4E7A-B320-66B48E4500D6}.Release|Any CPU.Build.0 = Release|Any CPU
	EndGlobalSection
	GlobalSection(SolutionProperties) = preSolution
		HideSolutionNode = FALSE
	EndGlobalSection
	GlobalSection(ExtensibilityGlobals) = postSolution
		SolutionGuid = {EC9BA9CD-592A-4FD3-A378-177C0F67A6BF}
	EndGlobalSection
EndGlobal
