
Microsoft Visual Studio Solution File, Format Version 12.00
# Visual Studio Version 16
VisualStudioVersion = 16.0.33529.622
MinimumVisualStudioVersion = 10.0.40219.1
Project("{9A19103F-16F7-4668-BE54-9A1E7A4F7556}") = "TwentyOne", "TwentyOne\TwentyOne.csproj", "{BE27945B-74AE-4FED-BB4D-460F1F7125DB}"
EndProject
Project("{FAE04EC0-301F-11D3-BF4B-00C04F79EFBC}") = "Casino", "Casino\Casino.csproj", "{7D78E468-3279-436D-B563-D533102A8610}"
EndProject
Global
	GlobalSection(SolutionConfigurationPlatforms) = preSolution
		Debug|Any CPU = Debug|Any CPU
		Release|Any CPU = Release|Any CPU
	EndGlobalSection
	GlobalSection(ProjectConfigurationPlatforms) = postSolution
		{BE27945B-74AE-4FED-BB4D-460F1F7125DB}.Debug|Any CPU.ActiveCfg = Debug|Any CPU
		{BE27945B-74AE-4FED-BB4D-460F1F7125DB}.Debug|Any CPU.Build.0 = Debug|Any CPU
		{BE27945B-74AE-4FED-BB4D-460F1F7125DB}.Release|Any CPU.ActiveCfg = Release|Any CPU
		{BE27945B-74AE-4FED-BB4D-460F1F7125DB}.Release|Any CPU.Build.0 = Release|Any CPU
		{7D78E468-3279-436D-B563-D533102A8610}.Debug|Any CPU.ActiveCfg = Debug|Any CPU
		{7D78E468-3279-436D-B563-D533102A8610}.Debug|Any CPU.Build.0 = Debug|Any CPU
		{7D78E468-3279-436D-B563-D533102A8610}.Release|Any CPU.ActiveCfg = Release|Any CPU
		{7D78E468-3279-436D-B563-D533102A8610}.Release|Any CPU.Build.0 = Release|Any CPU
	EndGlobalSection
	GlobalSection(SolutionProperties) = preSolution
		HideSolutionNode = FALSE
	EndGlobalSection
	GlobalSection(ExtensibilityGlobals) = postSolution
		SolutionGuid = {5DCADEAD-43E3-4263-891F-0B70A67BE02A}
	EndGlobalSection
EndGlobal
