
Microsoft Visual Studio Solution File, Format Version 12.00
# Visual Studio Version 16
VisualStudioVersion = 16.0.33529.622
MinimumVisualStudioVersion = 10.0.40219.1
Project("{FAE04EC0-301F-11D3-BF4B-00C04F79EFBC}") = "InsuranceQualifier", "InsuranceQualifier\InsuranceQualifier.csproj", "{568A2E8C-645E-4FB6-9385-46973464F83F}"
EndProject
Global
	GlobalSection(SolutionConfigurationPlatforms) = preSolution
		Debug|Any CPU = Debug|Any CPU
		Release|Any CPU = Release|Any CPU
	EndGlobalSection
	GlobalSection(ProjectConfigurationPlatforms) = postSolution
		{568A2E8C-645E-4FB6-9385-46973464F83F}.Debug|Any CPU.ActiveCfg = Debug|Any CPU
		{568A2E8C-645E-4FB6-9385-46973464F83F}.Debug|Any CPU.Build.0 = Debug|Any CPU
		{568A2E8C-645E-4FB6-9385-46973464F83F}.Release|Any CPU.ActiveCfg = Release|Any CPU
		{568A2E8C-645E-4FB6-9385-46973464F83F}.Release|Any CPU.Build.0 = Release|Any CPU
	EndGlobalSection
	GlobalSection(SolutionProperties) = preSolution
		HideSolutionNode = FALSE
	EndGlobalSection
	GlobalSection(ExtensibilityGlobals) = postSolution
		SolutionGuid = {893E9CC8-F1B1-4A88-A70D-B0CCAEBC5690}
	EndGlobalSection
EndGlobal
