
Microsoft Visual Studio Solution File, Format Version 12.00
# Visual Studio Version 16
VisualStudioVersion = 16.0.33529.622
MinimumVisualStudioVersion = 10.0.40219.1
Project("{FAE04EC0-301F-11D3-BF4B-00C04F79EFBC}") = "BooleanComparison", "BooleanComparison\BooleanComparison.csproj", "{AAE02F2B-620F-41BF-B2BB-5B3943889ED1}"
EndProject
Global
	GlobalSection(SolutionConfigurationPlatforms) = preSolution
		Debug|Any CPU = Debug|Any CPU
		Release|Any CPU = Release|Any CPU
	EndGlobalSection
	GlobalSection(ProjectConfigurationPlatforms) = postSolution
		{AAE02F2B-620F-41BF-B2BB-5B3943889ED1}.Debug|Any CPU.ActiveCfg = Debug|Any CPU
		{AAE02F2B-620F-41BF-B2BB-5B3943889ED1}.Debug|Any CPU.Build.0 = Debug|Any CPU
		{AAE02F2B-620F-41BF-B2BB-5B3943889ED1}.Release|Any CPU.ActiveCfg = Release|Any CPU
		{AAE02F2B-620F-41BF-B2BB-5B3943889ED1}.Release|Any CPU.Build.0 = Release|Any CPU
	EndGlobalSection
	GlobalSection(SolutionProperties) = preSolution
		HideSolutionNode = FALSE
	EndGlobalSection
	GlobalSection(ExtensibilityGlobals) = postSolution
		SolutionGuid = {7841D724-FF63-4C7F-8964-79B97EAD8269}
	EndGlobalSection
EndGlobal
